
Microsoft Visual Studio Solution File, Format Version 12.00
# Visual Studio 15
VisualStudioVersion = 15.0.27130.2010
MinimumVisualStudioVersion = 10.0.40219.1
Project("{FAE04EC0-301F-11D3-BF4B-00C04F79EFBC}") = "XmlOper", "XmlOper\XmlOper.csproj", "{9FD33F5B-2D12-43F2-9684-0636AE93296B}"
EndProject
Project("{FAE04EC0-301F-11D3-BF4B-00C04F79EFBC}") = "AppDemo", "Demo\AppDemo.csproj", "{4A92A15C-4AE6-42EB-9B07-DFB652A039E8}"
EndProject
Project("{FAE04EC0-301F-11D3-BF4B-00C04F79EFBC}") = "WebAppDemo", "WebAppDemo\WebAppDemo.csproj", "{0AE0009C-6588-45AC-9FD5-4EC7A1AC5CB6}"
EndProject
Project("{FAE04EC0-301F-11D3-BF4B-00C04F79EFBC}") = "MVCDemo", "MVCDemo\MVCDemo.csproj", "{9F098BBC-4568-41F1-B8B6-946008A89C4B}"
EndProject
Project("{FAE04EC0-301F-11D3-BF4B-00C04F79EFBC}") = "加密解密", "加密解密\加密解密.csproj", "{EAABAD54-4760-4E5D-9D50-2CB263A26250}"
EndProject
Project("{FAE04EC0-301F-11D3-BF4B-00C04F79EFBC}") = "SignalRMVC5", "SignalRMVC5\SignalRMVC5.csproj", "{53D172B6-4C5C-4209-985B-E11D74CBABF6}"
EndProject
Project("{FAE04EC0-301F-11D3-BF4B-00C04F79EFBC}") = "TxSms.SingalR", "TxSms.SingalR\TxSms.SingalR.csproj", "{C6A89A11-2DC3-4836-A8AE-BD143585607C}"
EndProject
Project("{FAE04EC0-301F-11D3-BF4B-00C04F79EFBC}") = "TxSms.Models", "TxSms.Models\TxSms.Models.csproj", "{07B9287C-4E99-46B9-8ABA-C4E1099E85B0}"
EndProject
Project("{FAE04EC0-301F-11D3-BF4B-00C04F79EFBC}") = "TxSms.Actions", "TxSms.Actions\TxSms.Actions.csproj", "{0525A709-7262-465B-8FC8-2080282B6D23}"
EndProject
Project("{FAE04EC0-301F-11D3-BF4B-00C04F79EFBC}") = "WebCrawler", "WebCrawler\WebCrawler.csproj", "{94F3D370-66D4-47CD-A614-323E09B9CE20}"
EndProject
Project("{FAE04EC0-301F-11D3-BF4B-00C04F79EFBC}") = "ClassLibrary1", "ClassLibrary1\ClassLibrary1.csproj", "{5A5E0E6A-7C82-4D53-AAE1-47570D1DA069}"
EndProject
Project("{FAE04EC0-301F-11D3-BF4B-00C04F79EFBC}") = "ClassLibraryFramework", "ClassLibraryFramework\ClassLibraryFramework.csproj", "{455FEA52-B691-4D6F-91BA-C0E9C83C112A}"
EndProject
Project("{9A19103F-16F7-4668-BE54-9A1E7A4F7556}") = "HttpClientSample", "HttpClientSample\HttpClientSample.csproj", "{3683624A-666C-4E61-B5F5-819874FBD44D}"
EndProject
Project("{9A19103F-16F7-4668-BE54-9A1E7A4F7556}") = "Lock语句", "Lock语句\Lock语句.csproj", "{40CE181A-5363-411A-9ABB-963DED631BB8}"
EndProject
Project("{9A19103F-16F7-4668-BE54-9A1E7A4F7556}") = "HttpClient测试", "HttpClient测试\HttpClient测试.csproj", "{A5F5F1CA-0007-405C-B342-C38CAC2F14EC}"
EndProject
Project("{FAE04EC0-301F-11D3-BF4B-00C04F79EFBC}") = "WebApplication1", "WebApplication1\WebApplication1.csproj", "{E18C662F-4E59-4D5B-A659-3DF3F52CE8AF}"
EndProject
Project("{FAE04EC0-301F-11D3-BF4B-00C04F79EFBC}") = "WEBAPI", "WEBAPI\WEBAPI.csproj", "{4EA945E7-75E4-4627-9C5E-65A81F5515CE}"
EndProject
Project("{FAE04EC0-301F-11D3-BF4B-00C04F79EFBC}") = "WebApplication2", "WebApplication2\WebApplication2.csproj", "{968A03E5-65C4-4238-B7B5-D60685A75816}"
EndProject
Project("{FAE04EC0-301F-11D3-BF4B-00C04F79EFBC}") = "WinForm", "WinForm\WinForm.csproj", "{E496834A-62D2-4FFF-BB0A-CE27D14B80FB}"
EndProject
Project("{FAE04EC0-301F-11D3-BF4B-00C04F79EFBC}") = "CoreIntefaceDemo", "CoreIntefaceDemo\CoreIntefaceDemo.csproj", "{B58E9064-5C35-49A5-9152-8020059E8C4C}"
EndProject
Project("{9A19103F-16F7-4668-BE54-9A1E7A4F7556}") = "CoreWebApp", "CoreWebApp\CoreWebApp.csproj", "{F3F70854-1EF4-4382-B8FF-5691DF8F0C26}"
EndProject
Project("{9A19103F-16F7-4668-BE54-9A1E7A4F7556}") = "CoreAppDemo", "CoreAppDemo\CoreAppDemo.csproj", "{F45C959D-4244-4207-96DA-8BEAEB653413}"
EndProject
Project("{FAE04EC0-301F-11D3-BF4B-00C04F79EFBC}") = "TelnetServer", "TelnetServer\TelnetServer.csproj", "{F98683BF-A0ED-4CA6-A0C8-9F8BF3E2AC26}"
EndProject
Project("{FAE04EC0-301F-11D3-BF4B-00C04F79EFBC}") = "Spider", "Spider\Spider.csproj", "{4D2AB703-51B2-4688-B71C-F53FA8410856}"
EndProject
Project("{FAE04EC0-301F-11D3-BF4B-00C04F79EFBC}") = "Login", "Login\Login.csproj", "{C001CDC0-A08C-434B-BD7A-60B9508BB3AA}"
EndProject
Project("{9A19103F-16F7-4668-BE54-9A1E7A4F7556}") = "CoreWebApplication", "CoreWebApplication\CoreWebApplication.csproj", "{15ACF220-73A9-42B9-AC87-9F71E325EA07}"
EndProject
Project("{9A19103F-16F7-4668-BE54-9A1E7A4F7556}") = "TestSpider", "TestSpider\TestSpider.csproj", "{E1014806-454C-47D8-908C-DD7C6390456D}"
EndProject
Project("{FAE04EC0-301F-11D3-BF4B-00C04F79EFBC}") = "TestSpider2", "TestSpider2\TestSpider2.csproj", "{A0101D03-9673-4273-91A1-06AC77419AF6}"
EndProject
Project("{FAE04EC0-301F-11D3-BF4B-00C04F79EFBC}") = "敏感词过滤", "敏感词过滤\敏感词过滤.csproj", "{CB5F2D6D-BECE-44EA-BE4D-6C7C505B6C0C}"
EndProject
Global
	GlobalSection(SolutionConfigurationPlatforms) = preSolution
		Debug|Any CPU = Debug|Any CPU
		Debug|ARM = Debug|ARM
		Debug|x64 = Debug|x64
		Debug|x86 = Debug|x86
		Release|Any CPU = Release|Any CPU
		Release|ARM = Release|ARM
		Release|x64 = Release|x64
		Release|x86 = Release|x86
	EndGlobalSection
	GlobalSection(ProjectConfigurationPlatforms) = postSolution
		{9FD33F5B-2D12-43F2-9684-0636AE93296B}.Debug|Any CPU.ActiveCfg = Debug|Any CPU
		{9FD33F5B-2D12-43F2-9684-0636AE93296B}.Debug|Any CPU.Build.0 = Debug|Any CPU
		{9FD33F5B-2D12-43F2-9684-0636AE93296B}.Debug|ARM.ActiveCfg = Debug|Any CPU
		{9FD33F5B-2D12-43F2-9684-0636AE93296B}.Debug|ARM.Build.0 = Debug|Any CPU
		{9FD33F5B-2D12-43F2-9684-0636AE93296B}.Debug|x64.ActiveCfg = Debug|Any CPU
		{9FD33F5B-2D12-43F2-9684-0636AE93296B}.Debug|x64.Build.0 = Debug|Any CPU
		{9FD33F5B-2D12-43F2-9684-0636AE93296B}.Debug|x86.ActiveCfg = Debug|Any CPU
		{9FD33F5B-2D12-43F2-9684-0636AE93296B}.Debug|x86.Build.0 = Debug|Any CPU
		{9FD33F5B-2D12-43F2-9684-0636AE93296B}.Release|Any CPU.ActiveCfg = Release|Any CPU
		{9FD33F5B-2D12-43F2-9684-0636AE93296B}.Release|Any CPU.Build.0 = Release|Any CPU
		{9FD33F5B-2D12-43F2-9684-0636AE93296B}.Release|ARM.ActiveCfg = Release|Any CPU
		{9FD33F5B-2D12-43F2-9684-0636AE93296B}.Release|ARM.Build.0 = Release|Any CPU
		{9FD33F5B-2D12-43F2-9684-0636AE93296B}.Release|x64.ActiveCfg = Release|Any CPU
		{9FD33F5B-2D12-43F2-9684-0636AE93296B}.Release|x64.Build.0 = Release|Any CPU
		{9FD33F5B-2D12-43F2-9684-0636AE93296B}.Release|x86.ActiveCfg = Release|Any CPU
		{9FD33F5B-2D12-43F2-9684-0636AE93296B}.Release|x86.Build.0 = Release|Any CPU
		{4A92A15C-4AE6-42EB-9B07-DFB652A039E8}.Debug|Any CPU.ActiveCfg = Debug|Any CPU
		{4A92A15C-4AE6-42EB-9B07-DFB652A039E8}.Debug|Any CPU.Build.0 = Debug|Any CPU
		{4A92A15C-4AE6-42EB-9B07-DFB652A039E8}.Debug|ARM.ActiveCfg = Debug|Any CPU
		{4A92A15C-4AE6-42EB-9B07-DFB652A039E8}.Debug|ARM.Build.0 = Debug|Any CPU
		{4A92A15C-4AE6-42EB-9B07-DFB652A039E8}.Debug|x64.ActiveCfg = Debug|Any CPU
		{4A92A15C-4AE6-42EB-9B07-DFB652A039E8}.Debug|x64.Build.0 = Debug|Any CPU
		{4A92A15C-4AE6-42EB-9B07-DFB652A039E8}.Debug|x86.ActiveCfg = Debug|Any CPU
		{4A92A15C-4AE6-42EB-9B07-DFB652A039E8}.Debug|x86.Build.0 = Debug|Any CPU
		{4A92A15C-4AE6-42EB-9B07-DFB652A039E8}.Release|Any CPU.ActiveCfg = Release|Any CPU
		{4A92A15C-4AE6-42EB-9B07-DFB652A039E8}.Release|Any CPU.Build.0 = Release|Any CPU
		{4A92A15C-4AE6-42EB-9B07-DFB652A039E8}.Release|ARM.ActiveCfg = Release|Any CPU
		{4A92A15C-4AE6-42EB-9B07-DFB652A039E8}.Release|ARM.Build.0 = Release|Any CPU
		{4A92A15C-4AE6-42EB-9B07-DFB652A039E8}.Release|x64.ActiveCfg = Release|Any CPU
		{4A92A15C-4AE6-42EB-9B07-DFB652A039E8}.Release|x64.Build.0 = Release|Any CPU
		{4A92A15C-4AE6-42EB-9B07-DFB652A039E8}.Release|x86.ActiveCfg = Release|Any CPU
		{4A92A15C-4AE6-42EB-9B07-DFB652A039E8}.Release|x86.Build.0 = Release|Any CPU
		{0AE0009C-6588-45AC-9FD5-4EC7A1AC5CB6}.Debug|Any CPU.ActiveCfg = Debug|Any CPU
		{0AE0009C-6588-45AC-9FD5-4EC7A1AC5CB6}.Debug|Any CPU.Build.0 = Debug|Any CPU
		{0AE0009C-6588-45AC-9FD5-4EC7A1AC5CB6}.Debug|ARM.ActiveCfg = Debug|Any CPU
		{0AE0009C-6588-45AC-9FD5-4EC7A1AC5CB6}.Debug|ARM.Build.0 = Debug|Any CPU
		{0AE0009C-6588-45AC-9FD5-4EC7A1AC5CB6}.Debug|x64.ActiveCfg = Debug|Any CPU
		{0AE0009C-6588-45AC-9FD5-4EC7A1AC5CB6}.Debug|x64.Build.0 = Debug|Any CPU
		{0AE0009C-6588-45AC-9FD5-4EC7A1AC5CB6}.Debug|x86.ActiveCfg = Debug|Any CPU
		{0AE0009C-6588-45AC-9FD5-4EC7A1AC5CB6}.Debug|x86.Build.0 = Debug|Any CPU
		{0AE0009C-6588-45AC-9FD5-4EC7A1AC5CB6}.Release|Any CPU.ActiveCfg = Release|Any CPU
		{0AE0009C-6588-45AC-9FD5-4EC7A1AC5CB6}.Release|Any CPU.Build.0 = Release|Any CPU
		{0AE0009C-6588-45AC-9FD5-4EC7A1AC5CB6}.Release|ARM.ActiveCfg = Release|Any CPU
		{0AE0009C-6588-45AC-9FD5-4EC7A1AC5CB6}.Release|ARM.Build.0 = Release|Any CPU
		{0AE0009C-6588-45AC-9FD5-4EC7A1AC5CB6}.Release|x64.ActiveCfg = Release|Any CPU
		{0AE0009C-6588-45AC-9FD5-4EC7A1AC5CB6}.Release|x64.Build.0 = Release|Any CPU
		{0AE0009C-6588-45AC-9FD5-4EC7A1AC5CB6}.Release|x86.ActiveCfg = Release|Any CPU
		{0AE0009C-6588-45AC-9FD5-4EC7A1AC5CB6}.Release|x86.Build.0 = Release|Any CPU
		{9F098BBC-4568-41F1-B8B6-946008A89C4B}.Debug|Any CPU.ActiveCfg = Debug|Any CPU
		{9F098BBC-4568-41F1-B8B6-946008A89C4B}.Debug|Any CPU.Build.0 = Debug|Any CPU
		{9F098BBC-4568-41F1-B8B6-946008A89C4B}.Debug|ARM.ActiveCfg = Debug|Any CPU
		{9F098BBC-4568-41F1-B8B6-946008A89C4B}.Debug|ARM.Build.0 = Debug|Any CPU
		{9F098BBC-4568-41F1-B8B6-946008A89C4B}.Debug|x64.ActiveCfg = Debug|Any CPU
		{9F098BBC-4568-41F1-B8B6-946008A89C4B}.Debug|x64.Build.0 = Debug|Any CPU
		{9F098BBC-4568-41F1-B8B6-946008A89C4B}.Debug|x86.ActiveCfg = Debug|Any CPU
		{9F098BBC-4568-41F1-B8B6-946008A89C4B}.Debug|x86.Build.0 = Debug|Any CPU
		{9F098BBC-4568-41F1-B8B6-946008A89C4B}.Release|Any CPU.ActiveCfg = Release|Any CPU
		{9F098BBC-4568-41F1-B8B6-946008A89C4B}.Release|Any CPU.Build.0 = Release|Any CPU
		{9F098BBC-4568-41F1-B8B6-946008A89C4B}.Release|ARM.ActiveCfg = Release|Any CPU
		{9F098BBC-4568-41F1-B8B6-946008A89C4B}.Release|ARM.Build.0 = Release|Any CPU
		{9F098BBC-4568-41F1-B8B6-946008A89C4B}.Release|x64.ActiveCfg = Release|Any CPU
		{9F098BBC-4568-41F1-B8B6-946008A89C4B}.Release|x64.Build.0 = Release|Any CPU
		{9F098BBC-4568-41F1-B8B6-946008A89C4B}.Release|x86.ActiveCfg = Release|Any CPU
		{9F098BBC-4568-41F1-B8B6-946008A89C4B}.Release|x86.Build.0 = Release|Any CPU
		{EAABAD54-4760-4E5D-9D50-2CB263A26250}.Debug|Any CPU.ActiveCfg = Debug|Any CPU
		{EAABAD54-4760-4E5D-9D50-2CB263A26250}.Debug|Any CPU.Build.0 = Debug|Any CPU
		{EAABAD54-4760-4E5D-9D50-2CB263A26250}.Debug|ARM.ActiveCfg = Debug|Any CPU
		{EAABAD54-4760-4E5D-9D50-2CB263A26250}.Debug|ARM.Build.0 = Debug|Any CPU
		{EAABAD54-4760-4E5D-9D50-2CB263A26250}.Debug|x64.ActiveCfg = Debug|Any CPU
		{EAABAD54-4760-4E5D-9D50-2CB263A26250}.Debug|x64.Build.0 = Debug|Any CPU
		{EAABAD54-4760-4E5D-9D50-2CB263A26250}.Debug|x86.ActiveCfg = Debug|Any CPU
		{EAABAD54-4760-4E5D-9D50-2CB263A26250}.Debug|x86.Build.0 = Debug|Any CPU
		{EAABAD54-4760-4E5D-9D50-2CB263A26250}.Release|Any CPU.ActiveCfg = Release|Any CPU
		{EAABAD54-4760-4E5D-9D50-2CB263A26250}.Release|Any CPU.Build.0 = Release|Any CPU
		{EAABAD54-4760-4E5D-9D50-2CB263A26250}.Release|ARM.ActiveCfg = Release|Any CPU
		{EAABAD54-4760-4E5D-9D50-2CB263A26250}.Release|ARM.Build.0 = Release|Any CPU
		{EAABAD54-4760-4E5D-9D50-2CB263A26250}.Release|x64.ActiveCfg = Release|Any CPU
		{EAABAD54-4760-4E5D-9D50-2CB263A26250}.Release|x64.Build.0 = Release|Any CPU
		{EAABAD54-4760-4E5D-9D50-2CB263A26250}.Release|x86.ActiveCfg = Release|Any CPU
		{EAABAD54-4760-4E5D-9D50-2CB263A26250}.Release|x86.Build.0 = Release|Any CPU
		{53D172B6-4C5C-4209-985B-E11D74CBABF6}.Debug|Any CPU.ActiveCfg = Debug|Any CPU
		{53D172B6-4C5C-4209-985B-E11D74CBABF6}.Debug|Any CPU.Build.0 = Debug|Any CPU
		{53D172B6-4C5C-4209-985B-E11D74CBABF6}.Debug|ARM.ActiveCfg = Debug|Any CPU
		{53D172B6-4C5C-4209-985B-E11D74CBABF6}.Debug|ARM.Build.0 = Debug|Any CPU
		{53D172B6-4C5C-4209-985B-E11D74CBABF6}.Debug|x64.ActiveCfg = Debug|Any CPU
		{53D172B6-4C5C-4209-985B-E11D74CBABF6}.Debug|x64.Build.0 = Debug|Any CPU
		{53D172B6-4C5C-4209-985B-E11D74CBABF6}.Debug|x86.ActiveCfg = Debug|Any CPU
		{53D172B6-4C5C-4209-985B-E11D74CBABF6}.Debug|x86.Build.0 = Debug|Any CPU
		{53D172B6-4C5C-4209-985B-E11D74CBABF6}.Release|Any CPU.ActiveCfg = Release|Any CPU
		{53D172B6-4C5C-4209-985B-E11D74CBABF6}.Release|Any CPU.Build.0 = Release|Any CPU
		{53D172B6-4C5C-4209-985B-E11D74CBABF6}.Release|ARM.ActiveCfg = Release|Any CPU
		{53D172B6-4C5C-4209-985B-E11D74CBABF6}.Release|ARM.Build.0 = Release|Any CPU
		{53D172B6-4C5C-4209-985B-E11D74CBABF6}.Release|x64.ActiveCfg = Release|Any CPU
		{53D172B6-4C5C-4209-985B-E11D74CBABF6}.Release|x64.Build.0 = Release|Any CPU
		{53D172B6-4C5C-4209-985B-E11D74CBABF6}.Release|x86.ActiveCfg = Release|Any CPU
		{53D172B6-4C5C-4209-985B-E11D74CBABF6}.Release|x86.Build.0 = Release|Any CPU
		{C6A89A11-2DC3-4836-A8AE-BD143585607C}.Debug|Any CPU.ActiveCfg = Debug|Any CPU
		{C6A89A11-2DC3-4836-A8AE-BD143585607C}.Debug|Any CPU.Build.0 = Debug|Any CPU
		{C6A89A11-2DC3-4836-A8AE-BD143585607C}.Debug|ARM.ActiveCfg = Debug|Any CPU
		{C6A89A11-2DC3-4836-A8AE-BD143585607C}.Debug|ARM.Build.0 = Debug|Any CPU
		{C6A89A11-2DC3-4836-A8AE-BD143585607C}.Debug|x64.ActiveCfg = Debug|Any CPU
		{C6A89A11-2DC3-4836-A8AE-BD143585607C}.Debug|x64.Build.0 = Debug|Any CPU
		{C6A89A11-2DC3-4836-A8AE-BD143585607C}.Debug|x86.ActiveCfg = Debug|Any CPU
		{C6A89A11-2DC3-4836-A8AE-BD143585607C}.Debug|x86.Build.0 = Debug|Any CPU
		{C6A89A11-2DC3-4836-A8AE-BD143585607C}.Release|Any CPU.ActiveCfg = Release|Any CPU
		{C6A89A11-2DC3-4836-A8AE-BD143585607C}.Release|Any CPU.Build.0 = Release|Any CPU
		{C6A89A11-2DC3-4836-A8AE-BD143585607C}.Release|ARM.ActiveCfg = Release|Any CPU
		{C6A89A11-2DC3-4836-A8AE-BD143585607C}.Release|ARM.Build.0 = Release|Any CPU
		{C6A89A11-2DC3-4836-A8AE-BD143585607C}.Release|x64.ActiveCfg = Release|Any CPU
		{C6A89A11-2DC3-4836-A8AE-BD143585607C}.Release|x64.Build.0 = Release|Any CPU
		{C6A89A11-2DC3-4836-A8AE-BD143585607C}.Release|x86.ActiveCfg = Release|Any CPU
		{C6A89A11-2DC3-4836-A8AE-BD143585607C}.Release|x86.Build.0 = Release|Any CPU
		{07B9287C-4E99-46B9-8ABA-C4E1099E85B0}.Debug|Any CPU.ActiveCfg = Debug|Any CPU
		{07B9287C-4E99-46B9-8ABA-C4E1099E85B0}.Debug|Any CPU.Build.0 = Debug|Any CPU
		{07B9287C-4E99-46B9-8ABA-C4E1099E85B0}.Debug|ARM.ActiveCfg = Debug|Any CPU
		{07B9287C-4E99-46B9-8ABA-C4E1099E85B0}.Debug|ARM.Build.0 = Debug|Any CPU
		{07B9287C-4E99-46B9-8ABA-C4E1099E85B0}.Debug|x64.ActiveCfg = Debug|Any CPU
		{07B9287C-4E99-46B9-8ABA-C4E1099E85B0}.Debug|x64.Build.0 = Debug|Any CPU
		{07B9287C-4E99-46B9-8ABA-C4E1099E85B0}.Debug|x86.ActiveCfg = Debug|Any CPU
		{07B9287C-4E99-46B9-8ABA-C4E1099E85B0}.Debug|x86.Build.0 = Debug|Any CPU
		{07B9287C-4E99-46B9-8ABA-C4E1099E85B0}.Release|Any CPU.ActiveCfg = Release|Any CPU
		{07B9287C-4E99-46B9-8ABA-C4E1099E85B0}.Release|Any CPU.Build.0 = Release|Any CPU
		{07B9287C-4E99-46B9-8ABA-C4E1099E85B0}.Release|ARM.ActiveCfg = Release|Any CPU
		{07B9287C-4E99-46B9-8ABA-C4E1099E85B0}.Release|ARM.Build.0 = Release|Any CPU
		{07B9287C-4E99-46B9-8ABA-C4E1099E85B0}.Release|x64.ActiveCfg = Release|Any CPU
		{07B9287C-4E99-46B9-8ABA-C4E1099E85B0}.Release|x64.Build.0 = Release|Any CPU
		{07B9287C-4E99-46B9-8ABA-C4E1099E85B0}.Release|x86.ActiveCfg = Release|Any CPU
		{07B9287C-4E99-46B9-8ABA-C4E1099E85B0}.Release|x86.Build.0 = Release|Any CPU
		{0525A709-7262-465B-8FC8-2080282B6D23}.Debug|Any CPU.ActiveCfg = Debug|Any CPU
		{0525A709-7262-465B-8FC8-2080282B6D23}.Debug|Any CPU.Build.0 = Debug|Any CPU
		{0525A709-7262-465B-8FC8-2080282B6D23}.Debug|ARM.ActiveCfg = Debug|Any CPU
		{0525A709-7262-465B-8FC8-2080282B6D23}.Debug|ARM.Build.0 = Debug|Any CPU
		{0525A709-7262-465B-8FC8-2080282B6D23}.Debug|x64.ActiveCfg = Debug|Any CPU
		{0525A709-7262-465B-8FC8-2080282B6D23}.Debug|x64.Build.0 = Debug|Any CPU
		{0525A709-7262-465B-8FC8-2080282B6D23}.Debug|x86.ActiveCfg = Debug|Any CPU
		{0525A709-7262-465B-8FC8-2080282B6D23}.Debug|x86.Build.0 = Debug|Any CPU
		{0525A709-7262-465B-8FC8-2080282B6D23}.Release|Any CPU.ActiveCfg = Release|Any CPU
		{0525A709-7262-465B-8FC8-2080282B6D23}.Release|Any CPU.Build.0 = Release|Any CPU
		{0525A709-7262-465B-8FC8-2080282B6D23}.Release|ARM.ActiveCfg = Release|Any CPU
		{0525A709-7262-465B-8FC8-2080282B6D23}.Release|ARM.Build.0 = Release|Any CPU
		{0525A709-7262-465B-8FC8-2080282B6D23}.Release|x64.ActiveCfg = Release|Any CPU
		{0525A709-7262-465B-8FC8-2080282B6D23}.Release|x64.Build.0 = Release|Any CPU
		{0525A709-7262-465B-8FC8-2080282B6D23}.Release|x86.ActiveCfg = Release|Any CPU
		{0525A709-7262-465B-8FC8-2080282B6D23}.Release|x86.Build.0 = Release|Any CPU
		{94F3D370-66D4-47CD-A614-323E09B9CE20}.Debug|Any CPU.ActiveCfg = Debug|Any CPU
		{94F3D370-66D4-47CD-A614-323E09B9CE20}.Debug|Any CPU.Build.0 = Debug|Any CPU
		{94F3D370-66D4-47CD-A614-323E09B9CE20}.Debug|ARM.ActiveCfg = Debug|Any CPU
		{94F3D370-66D4-47CD-A614-323E09B9CE20}.Debug|ARM.Build.0 = Debug|Any CPU
		{94F3D370-66D4-47CD-A614-323E09B9CE20}.Debug|x64.ActiveCfg = Debug|Any CPU
		{94F3D370-66D4-47CD-A614-323E09B9CE20}.Debug|x64.Build.0 = Debug|Any CPU
		{94F3D370-66D4-47CD-A614-323E09B9CE20}.Debug|x86.ActiveCfg = Debug|Any CPU
		{94F3D370-66D4-47CD-A614-323E09B9CE20}.Debug|x86.Build.0 = Debug|Any CPU
		{94F3D370-66D4-47CD-A614-323E09B9CE20}.Release|Any CPU.ActiveCfg = Release|Any CPU
		{94F3D370-66D4-47CD-A614-323E09B9CE20}.Release|Any CPU.Build.0 = Release|Any CPU
		{94F3D370-66D4-47CD-A614-323E09B9CE20}.Release|ARM.ActiveCfg = Release|Any CPU
		{94F3D370-66D4-47CD-A614-323E09B9CE20}.Release|ARM.Build.0 = Release|Any CPU
		{94F3D370-66D4-47CD-A614-323E09B9CE20}.Release|x64.ActiveCfg = Release|Any CPU
		{94F3D370-66D4-47CD-A614-323E09B9CE20}.Release|x64.Build.0 = Release|Any CPU
		{94F3D370-66D4-47CD-A614-323E09B9CE20}.Release|x86.ActiveCfg = Release|Any CPU
		{94F3D370-66D4-47CD-A614-323E09B9CE20}.Release|x86.Build.0 = Release|Any CPU
		{5A5E0E6A-7C82-4D53-AAE1-47570D1DA069}.Debug|Any CPU.ActiveCfg = Debug|Any CPU
		{5A5E0E6A-7C82-4D53-AAE1-47570D1DA069}.Debug|Any CPU.Build.0 = Debug|Any CPU
		{5A5E0E6A-7C82-4D53-AAE1-47570D1DA069}.Debug|ARM.ActiveCfg = Debug|Any CPU
		{5A5E0E6A-7C82-4D53-AAE1-47570D1DA069}.Debug|ARM.Build.0 = Debug|Any CPU
		{5A5E0E6A-7C82-4D53-AAE1-47570D1DA069}.Debug|x64.ActiveCfg = Debug|Any CPU
		{5A5E0E6A-7C82-4D53-AAE1-47570D1DA069}.Debug|x64.Build.0 = Debug|Any CPU
		{5A5E0E6A-7C82-4D53-AAE1-47570D1DA069}.Debug|x86.ActiveCfg = Debug|Any CPU
		{5A5E0E6A-7C82-4D53-AAE1-47570D1DA069}.Debug|x86.Build.0 = Debug|Any CPU
		{5A5E0E6A-7C82-4D53-AAE1-47570D1DA069}.Release|Any CPU.ActiveCfg = Release|Any CPU
		{5A5E0E6A-7C82-4D53-AAE1-47570D1DA069}.Release|Any CPU.Build.0 = Release|Any CPU
		{5A5E0E6A-7C82-4D53-AAE1-47570D1DA069}.Release|ARM.ActiveCfg = Release|Any CPU
		{5A5E0E6A-7C82-4D53-AAE1-47570D1DA069}.Release|ARM.Build.0 = Release|Any CPU
		{5A5E0E6A-7C82-4D53-AAE1-47570D1DA069}.Release|x64.ActiveCfg = Release|Any CPU
		{5A5E0E6A-7C82-4D53-AAE1-47570D1DA069}.Release|x64.Build.0 = Release|Any CPU
		{5A5E0E6A-7C82-4D53-AAE1-47570D1DA069}.Release|x86.ActiveCfg = Release|Any CPU
		{5A5E0E6A-7C82-4D53-AAE1-47570D1DA069}.Release|x86.Build.0 = Release|Any CPU
		{455FEA52-B691-4D6F-91BA-C0E9C83C112A}.Debug|Any CPU.ActiveCfg = Debug|Any CPU
		{455FEA52-B691-4D6F-91BA-C0E9C83C112A}.Debug|Any CPU.Build.0 = Debug|Any CPU
		{455FEA52-B691-4D6F-91BA-C0E9C83C112A}.Debug|ARM.ActiveCfg = Debug|Any CPU
		{455FEA52-B691-4D6F-91BA-C0E9C83C112A}.Debug|ARM.Build.0 = Debug|Any CPU
		{455FEA52-B691-4D6F-91BA-C0E9C83C112A}.Debug|x64.ActiveCfg = Debug|Any CPU
		{455FEA52-B691-4D6F-91BA-C0E9C83C112A}.Debug|x64.Build.0 = Debug|Any CPU
		{455FEA52-B691-4D6F-91BA-C0E9C83C112A}.Debug|x86.ActiveCfg = Debug|Any CPU
		{455FEA52-B691-4D6F-91BA-C0E9C83C112A}.Debug|x86.Build.0 = Debug|Any CPU
		{455FEA52-B691-4D6F-91BA-C0E9C83C112A}.Release|Any CPU.ActiveCfg = Release|Any CPU
		{455FEA52-B691-4D6F-91BA-C0E9C83C112A}.Release|Any CPU.Build.0 = Release|Any CPU
		{455FEA52-B691-4D6F-91BA-C0E9C83C112A}.Release|ARM.ActiveCfg = Release|Any CPU
		{455FEA52-B691-4D6F-91BA-C0E9C83C112A}.Release|ARM.Build.0 = Release|Any CPU
		{455FEA52-B691-4D6F-91BA-C0E9C83C112A}.Release|x64.ActiveCfg = Release|Any CPU
		{455FEA52-B691-4D6F-91BA-C0E9C83C112A}.Release|x64.Build.0 = Release|Any CPU
		{455FEA52-B691-4D6F-91BA-C0E9C83C112A}.Release|x86.ActiveCfg = Release|Any CPU
		{455FEA52-B691-4D6F-91BA-C0E9C83C112A}.Release|x86.Build.0 = Release|Any CPU
		{3683624A-666C-4E61-B5F5-819874FBD44D}.Debug|Any CPU.ActiveCfg = Debug|Any CPU
		{3683624A-666C-4E61-B5F5-819874FBD44D}.Debug|Any CPU.Build.0 = Debug|Any CPU
		{3683624A-666C-4E61-B5F5-819874FBD44D}.Debug|ARM.ActiveCfg = Debug|Any CPU
		{3683624A-666C-4E61-B5F5-819874FBD44D}.Debug|ARM.Build.0 = Debug|Any CPU
		{3683624A-666C-4E61-B5F5-819874FBD44D}.Debug|x64.ActiveCfg = Debug|Any CPU
		{3683624A-666C-4E61-B5F5-819874FBD44D}.Debug|x64.Build.0 = Debug|Any CPU
		{3683624A-666C-4E61-B5F5-819874FBD44D}.Debug|x86.ActiveCfg = Debug|Any CPU
		{3683624A-666C-4E61-B5F5-819874FBD44D}.Debug|x86.Build.0 = Debug|Any CPU
		{3683624A-666C-4E61-B5F5-819874FBD44D}.Release|Any CPU.ActiveCfg = Release|Any CPU
		{3683624A-666C-4E61-B5F5-819874FBD44D}.Release|Any CPU.Build.0 = Release|Any CPU
		{3683624A-666C-4E61-B5F5-819874FBD44D}.Release|ARM.ActiveCfg = Release|Any CPU
		{3683624A-666C-4E61-B5F5-819874FBD44D}.Release|ARM.Build.0 = Release|Any CPU
		{3683624A-666C-4E61-B5F5-819874FBD44D}.Release|x64.ActiveCfg = Release|Any CPU
		{3683624A-666C-4E61-B5F5-819874FBD44D}.Release|x64.Build.0 = Release|Any CPU
		{3683624A-666C-4E61-B5F5-819874FBD44D}.Release|x86.ActiveCfg = Release|Any CPU
		{3683624A-666C-4E61-B5F5-819874FBD44D}.Release|x86.Build.0 = Release|Any CPU
		{40CE181A-5363-411A-9ABB-963DED631BB8}.Debug|Any CPU.ActiveCfg = Debug|Any CPU
		{40CE181A-5363-411A-9ABB-963DED631BB8}.Debug|Any CPU.Build.0 = Debug|Any CPU
		{40CE181A-5363-411A-9ABB-963DED631BB8}.Debug|ARM.ActiveCfg = Debug|Any CPU
		{40CE181A-5363-411A-9ABB-963DED631BB8}.Debug|ARM.Build.0 = Debug|Any CPU
		{40CE181A-5363-411A-9ABB-963DED631BB8}.Debug|x64.ActiveCfg = Debug|Any CPU
		{40CE181A-5363-411A-9ABB-963DED631BB8}.Debug|x64.Build.0 = Debug|Any CPU
		{40CE181A-5363-411A-9ABB-963DED631BB8}.Debug|x86.ActiveCfg = Debug|Any CPU
		{40CE181A-5363-411A-9ABB-963DED631BB8}.Debug|x86.Build.0 = Debug|Any CPU
		{40CE181A-5363-411A-9ABB-963DED631BB8}.Release|Any CPU.ActiveCfg = Release|Any CPU
		{40CE181A-5363-411A-9ABB-963DED631BB8}.Release|Any CPU.Build.0 = Release|Any CPU
		{40CE181A-5363-411A-9ABB-963DED631BB8}.Release|ARM.ActiveCfg = Release|Any CPU
		{40CE181A-5363-411A-9ABB-963DED631BB8}.Release|ARM.Build.0 = Release|Any CPU
		{40CE181A-5363-411A-9ABB-963DED631BB8}.Release|x64.ActiveCfg = Release|Any CPU
		{40CE181A-5363-411A-9ABB-963DED631BB8}.Release|x64.Build.0 = Release|Any CPU
		{40CE181A-5363-411A-9ABB-963DED631BB8}.Release|x86.ActiveCfg = Release|Any CPU
		{40CE181A-5363-411A-9ABB-963DED631BB8}.Release|x86.Build.0 = Release|Any CPU
		{A5F5F1CA-0007-405C-B342-C38CAC2F14EC}.Debug|Any CPU.ActiveCfg = Debug|Any CPU
		{A5F5F1CA-0007-405C-B342-C38CAC2F14EC}.Debug|Any CPU.Build.0 = Debug|Any CPU
		{A5F5F1CA-0007-405C-B342-C38CAC2F14EC}.Debug|ARM.ActiveCfg = Debug|Any CPU
		{A5F5F1CA-0007-405C-B342-C38CAC2F14EC}.Debug|ARM.Build.0 = Debug|Any CPU
		{A5F5F1CA-0007-405C-B342-C38CAC2F14EC}.Debug|x64.ActiveCfg = Debug|Any CPU
		{A5F5F1CA-0007-405C-B342-C38CAC2F14EC}.Debug|x64.Build.0 = Debug|Any CPU
		{A5F5F1CA-0007-405C-B342-C38CAC2F14EC}.Debug|x86.ActiveCfg = Debug|Any CPU
		{A5F5F1CA-0007-405C-B342-C38CAC2F14EC}.Debug|x86.Build.0 = Debug|Any CPU
		{A5F5F1CA-0007-405C-B342-C38CAC2F14EC}.Release|Any CPU.ActiveCfg = Release|Any CPU
		{A5F5F1CA-0007-405C-B342-C38CAC2F14EC}.Release|Any CPU.Build.0 = Release|Any CPU
		{A5F5F1CA-0007-405C-B342-C38CAC2F14EC}.Release|ARM.ActiveCfg = Release|Any CPU
		{A5F5F1CA-0007-405C-B342-C38CAC2F14EC}.Release|ARM.Build.0 = Release|Any CPU
		{A5F5F1CA-0007-405C-B342-C38CAC2F14EC}.Release|x64.ActiveCfg = Release|Any CPU
		{A5F5F1CA-0007-405C-B342-C38CAC2F14EC}.Release|x64.Build.0 = Release|Any CPU
		{A5F5F1CA-0007-405C-B342-C38CAC2F14EC}.Release|x86.ActiveCfg = Release|Any CPU
		{A5F5F1CA-0007-405C-B342-C38CAC2F14EC}.Release|x86.Build.0 = Release|Any CPU
		{E18C662F-4E59-4D5B-A659-3DF3F52CE8AF}.Debug|Any CPU.ActiveCfg = Debug|Any CPU
		{E18C662F-4E59-4D5B-A659-3DF3F52CE8AF}.Debug|Any CPU.Build.0 = Debug|Any CPU
		{E18C662F-4E59-4D5B-A659-3DF3F52CE8AF}.Debug|ARM.ActiveCfg = Debug|Any CPU
		{E18C662F-4E59-4D5B-A659-3DF3F52CE8AF}.Debug|ARM.Build.0 = Debug|Any CPU
		{E18C662F-4E59-4D5B-A659-3DF3F52CE8AF}.Debug|x64.ActiveCfg = Debug|Any CPU
		{E18C662F-4E59-4D5B-A659-3DF3F52CE8AF}.Debug|x64.Build.0 = Debug|Any CPU
		{E18C662F-4E59-4D5B-A659-3DF3F52CE8AF}.Debug|x86.ActiveCfg = Debug|Any CPU
		{E18C662F-4E59-4D5B-A659-3DF3F52CE8AF}.Debug|x86.Build.0 = Debug|Any CPU
		{E18C662F-4E59-4D5B-A659-3DF3F52CE8AF}.Release|Any CPU.ActiveCfg = Release|Any CPU
		{E18C662F-4E59-4D5B-A659-3DF3F52CE8AF}.Release|Any CPU.Build.0 = Release|Any CPU
		{E18C662F-4E59-4D5B-A659-3DF3F52CE8AF}.Release|ARM.ActiveCfg = Release|Any CPU
		{E18C662F-4E59-4D5B-A659-3DF3F52CE8AF}.Release|ARM.Build.0 = Release|Any CPU
		{E18C662F-4E59-4D5B-A659-3DF3F52CE8AF}.Release|x64.ActiveCfg = Release|Any CPU
		{E18C662F-4E59-4D5B-A659-3DF3F52CE8AF}.Release|x64.Build.0 = Release|Any CPU
		{E18C662F-4E59-4D5B-A659-3DF3F52CE8AF}.Release|x86.ActiveCfg = Release|Any CPU
		{E18C662F-4E59-4D5B-A659-3DF3F52CE8AF}.Release|x86.Build.0 = Release|Any CPU
		{4EA945E7-75E4-4627-9C5E-65A81F5515CE}.Debug|Any CPU.ActiveCfg = Debug|Any CPU
		{4EA945E7-75E4-4627-9C5E-65A81F5515CE}.Debug|Any CPU.Build.0 = Debug|Any CPU
		{4EA945E7-75E4-4627-9C5E-65A81F5515CE}.Debug|ARM.ActiveCfg = Debug|Any CPU
		{4EA945E7-75E4-4627-9C5E-65A81F5515CE}.Debug|ARM.Build.0 = Debug|Any CPU
		{4EA945E7-75E4-4627-9C5E-65A81F5515CE}.Debug|x64.ActiveCfg = Debug|Any CPU
		{4EA945E7-75E4-4627-9C5E-65A81F5515CE}.Debug|x64.Build.0 = Debug|Any CPU
		{4EA945E7-75E4-4627-9C5E-65A81F5515CE}.Debug|x86.ActiveCfg = Debug|Any CPU
		{4EA945E7-75E4-4627-9C5E-65A81F5515CE}.Debug|x86.Build.0 = Debug|Any CPU
		{4EA945E7-75E4-4627-9C5E-65A81F5515CE}.Release|Any CPU.ActiveCfg = Release|Any CPU
		{4EA945E7-75E4-4627-9C5E-65A81F5515CE}.Release|Any CPU.Build.0 = Release|Any CPU
		{4EA945E7-75E4-4627-9C5E-65A81F5515CE}.Release|ARM.ActiveCfg = Release|Any CPU
		{4EA945E7-75E4-4627-9C5E-65A81F5515CE}.Release|ARM.Build.0 = Release|Any CPU
		{4EA945E7-75E4-4627-9C5E-65A81F5515CE}.Release|x64.ActiveCfg = Release|Any CPU
		{4EA945E7-75E4-4627-9C5E-65A81F5515CE}.Release|x64.Build.0 = Release|Any CPU
		{4EA945E7-75E4-4627-9C5E-65A81F5515CE}.Release|x86.ActiveCfg = Release|Any CPU
		{4EA945E7-75E4-4627-9C5E-65A81F5515CE}.Release|x86.Build.0 = Release|Any CPU
		{968A03E5-65C4-4238-B7B5-D60685A75816}.Debug|Any CPU.ActiveCfg = Debug|Any CPU
		{968A03E5-65C4-4238-B7B5-D60685A75816}.Debug|Any CPU.Build.0 = Debug|Any CPU
		{968A03E5-65C4-4238-B7B5-D60685A75816}.Debug|ARM.ActiveCfg = Debug|Any CPU
		{968A03E5-65C4-4238-B7B5-D60685A75816}.Debug|ARM.Build.0 = Debug|Any CPU
		{968A03E5-65C4-4238-B7B5-D60685A75816}.Debug|x64.ActiveCfg = Debug|Any CPU
		{968A03E5-65C4-4238-B7B5-D60685A75816}.Debug|x64.Build.0 = Debug|Any CPU
		{968A03E5-65C4-4238-B7B5-D60685A75816}.Debug|x86.ActiveCfg = Debug|Any CPU
		{968A03E5-65C4-4238-B7B5-D60685A75816}.Debug|x86.Build.0 = Debug|Any CPU
		{968A03E5-65C4-4238-B7B5-D60685A75816}.Release|Any CPU.ActiveCfg = Release|Any CPU
		{968A03E5-65C4-4238-B7B5-D60685A75816}.Release|Any CPU.Build.0 = Release|Any CPU
		{968A03E5-65C4-4238-B7B5-D60685A75816}.Release|ARM.ActiveCfg = Release|Any CPU
		{968A03E5-65C4-4238-B7B5-D60685A75816}.Release|ARM.Build.0 = Release|Any CPU
		{968A03E5-65C4-4238-B7B5-D60685A75816}.Release|x64.ActiveCfg = Release|Any CPU
		{968A03E5-65C4-4238-B7B5-D60685A75816}.Release|x64.Build.0 = Release|Any CPU
		{968A03E5-65C4-4238-B7B5-D60685A75816}.Release|x86.ActiveCfg = Release|Any CPU
		{968A03E5-65C4-4238-B7B5-D60685A75816}.Release|x86.Build.0 = Release|Any CPU
		{E496834A-62D2-4FFF-BB0A-CE27D14B80FB}.Debug|Any CPU.ActiveCfg = Debug|Any CPU
		{E496834A-62D2-4FFF-BB0A-CE27D14B80FB}.Debug|Any CPU.Build.0 = Debug|Any CPU
		{E496834A-62D2-4FFF-BB0A-CE27D14B80FB}.Debug|ARM.ActiveCfg = Debug|Any CPU
		{E496834A-62D2-4FFF-BB0A-CE27D14B80FB}.Debug|ARM.Build.0 = Debug|Any CPU
		{E496834A-62D2-4FFF-BB0A-CE27D14B80FB}.Debug|x64.ActiveCfg = Debug|Any CPU
		{E496834A-62D2-4FFF-BB0A-CE27D14B80FB}.Debug|x64.Build.0 = Debug|Any CPU
		{E496834A-62D2-4FFF-BB0A-CE27D14B80FB}.Debug|x86.ActiveCfg = Debug|Any CPU
		{E496834A-62D2-4FFF-BB0A-CE27D14B80FB}.Debug|x86.Build.0 = Debug|Any CPU
		{E496834A-62D2-4FFF-BB0A-CE27D14B80FB}.Release|Any CPU.ActiveCfg = Release|Any CPU
		{E496834A-62D2-4FFF-BB0A-CE27D14B80FB}.Release|Any CPU.Build.0 = Release|Any CPU
		{E496834A-62D2-4FFF-BB0A-CE27D14B80FB}.Release|ARM.ActiveCfg = Release|Any CPU
		{E496834A-62D2-4FFF-BB0A-CE27D14B80FB}.Release|ARM.Build.0 = Release|Any CPU
		{E496834A-62D2-4FFF-BB0A-CE27D14B80FB}.Release|x64.ActiveCfg = Release|Any CPU
		{E496834A-62D2-4FFF-BB0A-CE27D14B80FB}.Release|x64.Build.0 = Release|Any CPU
		{E496834A-62D2-4FFF-BB0A-CE27D14B80FB}.Release|x86.ActiveCfg = Release|Any CPU
		{E496834A-62D2-4FFF-BB0A-CE27D14B80FB}.Release|x86.Build.0 = Release|Any CPU
		{B58E9064-5C35-49A5-9152-8020059E8C4C}.Debug|Any CPU.ActiveCfg = Debug|Any CPU
		{B58E9064-5C35-49A5-9152-8020059E8C4C}.Debug|Any CPU.Build.0 = Debug|Any CPU
		{B58E9064-5C35-49A5-9152-8020059E8C4C}.Debug|ARM.ActiveCfg = Debug|Any CPU
		{B58E9064-5C35-49A5-9152-8020059E8C4C}.Debug|ARM.Build.0 = Debug|Any CPU
		{B58E9064-5C35-49A5-9152-8020059E8C4C}.Debug|x64.ActiveCfg = Debug|Any CPU
		{B58E9064-5C35-49A5-9152-8020059E8C4C}.Debug|x64.Build.0 = Debug|Any CPU
		{B58E9064-5C35-49A5-9152-8020059E8C4C}.Debug|x86.ActiveCfg = Debug|Any CPU
		{B58E9064-5C35-49A5-9152-8020059E8C4C}.Debug|x86.Build.0 = Debug|Any CPU
		{B58E9064-5C35-49A5-9152-8020059E8C4C}.Release|Any CPU.ActiveCfg = Release|Any CPU
		{B58E9064-5C35-49A5-9152-8020059E8C4C}.Release|Any CPU.Build.0 = Release|Any CPU
		{B58E9064-5C35-49A5-9152-8020059E8C4C}.Release|ARM.ActiveCfg = Release|Any CPU
		{B58E9064-5C35-49A5-9152-8020059E8C4C}.Release|ARM.Build.0 = Release|Any CPU
		{B58E9064-5C35-49A5-9152-8020059E8C4C}.Release|x64.ActiveCfg = Release|Any CPU
		{B58E9064-5C35-49A5-9152-8020059E8C4C}.Release|x64.Build.0 = Release|Any CPU
		{B58E9064-5C35-49A5-9152-8020059E8C4C}.Release|x86.ActiveCfg = Release|Any CPU
		{B58E9064-5C35-49A5-9152-8020059E8C4C}.Release|x86.Build.0 = Release|Any CPU
		{F3F70854-1EF4-4382-B8FF-5691DF8F0C26}.Debug|Any CPU.ActiveCfg = Debug|Any CPU
		{F3F70854-1EF4-4382-B8FF-5691DF8F0C26}.Debug|Any CPU.Build.0 = Debug|Any CPU
		{F3F70854-1EF4-4382-B8FF-5691DF8F0C26}.Debug|ARM.ActiveCfg = Debug|Any CPU
		{F3F70854-1EF4-4382-B8FF-5691DF8F0C26}.Debug|ARM.Build.0 = Debug|Any CPU
		{F3F70854-1EF4-4382-B8FF-5691DF8F0C26}.Debug|x64.ActiveCfg = Debug|Any CPU
		{F3F70854-1EF4-4382-B8FF-5691DF8F0C26}.Debug|x64.Build.0 = Debug|Any CPU
		{F3F70854-1EF4-4382-B8FF-5691DF8F0C26}.Debug|x86.ActiveCfg = Debug|Any CPU
		{F3F70854-1EF4-4382-B8FF-5691DF8F0C26}.Debug|x86.Build.0 = Debug|Any CPU
		{F3F70854-1EF4-4382-B8FF-5691DF8F0C26}.Release|Any CPU.ActiveCfg = Release|Any CPU
		{F3F70854-1EF4-4382-B8FF-5691DF8F0C26}.Release|Any CPU.Build.0 = Release|Any CPU
		{F3F70854-1EF4-4382-B8FF-5691DF8F0C26}.Release|ARM.ActiveCfg = Release|Any CPU
		{F3F70854-1EF4-4382-B8FF-5691DF8F0C26}.Release|ARM.Build.0 = Release|Any CPU
		{F3F70854-1EF4-4382-B8FF-5691DF8F0C26}.Release|x64.ActiveCfg = Release|Any CPU
		{F3F70854-1EF4-4382-B8FF-5691DF8F0C26}.Release|x64.Build.0 = Release|Any CPU
		{F3F70854-1EF4-4382-B8FF-5691DF8F0C26}.Release|x86.ActiveCfg = Release|Any CPU
		{F3F70854-1EF4-4382-B8FF-5691DF8F0C26}.Release|x86.Build.0 = Release|Any CPU
		{F45C959D-4244-4207-96DA-8BEAEB653413}.Debug|Any CPU.ActiveCfg = Debug|Any CPU
		{F45C959D-4244-4207-96DA-8BEAEB653413}.Debug|Any CPU.Build.0 = Debug|Any CPU
		{F45C959D-4244-4207-96DA-8BEAEB653413}.Debug|ARM.ActiveCfg = Debug|Any CPU
		{F45C959D-4244-4207-96DA-8BEAEB653413}.Debug|ARM.Build.0 = Debug|Any CPU
		{F45C959D-4244-4207-96DA-8BEAEB653413}.Debug|x64.ActiveCfg = Debug|Any CPU
		{F45C959D-4244-4207-96DA-8BEAEB653413}.Debug|x64.Build.0 = Debug|Any CPU
		{F45C959D-4244-4207-96DA-8BEAEB653413}.Debug|x86.ActiveCfg = Debug|Any CPU
		{F45C959D-4244-4207-96DA-8BEAEB653413}.Debug|x86.Build.0 = Debug|Any CPU
		{F45C959D-4244-4207-96DA-8BEAEB653413}.Release|Any CPU.ActiveCfg = Release|Any CPU
		{F45C959D-4244-4207-96DA-8BEAEB653413}.Release|Any CPU.Build.0 = Release|Any CPU
		{F45C959D-4244-4207-96DA-8BEAEB653413}.Release|ARM.ActiveCfg = Release|Any CPU
		{F45C959D-4244-4207-96DA-8BEAEB653413}.Release|ARM.Build.0 = Release|Any CPU
		{F45C959D-4244-4207-96DA-8BEAEB653413}.Release|x64.ActiveCfg = Release|Any CPU
		{F45C959D-4244-4207-96DA-8BEAEB653413}.Release|x64.Build.0 = Release|Any CPU
		{F45C959D-4244-4207-96DA-8BEAEB653413}.Release|x86.ActiveCfg = Release|Any CPU
		{F45C959D-4244-4207-96DA-8BEAEB653413}.Release|x86.Build.0 = Release|Any CPU
		{F98683BF-A0ED-4CA6-A0C8-9F8BF3E2AC26}.Debug|Any CPU.ActiveCfg = Debug|Any CPU
		{F98683BF-A0ED-4CA6-A0C8-9F8BF3E2AC26}.Debug|Any CPU.Build.0 = Debug|Any CPU
		{F98683BF-A0ED-4CA6-A0C8-9F8BF3E2AC26}.Debug|ARM.ActiveCfg = Debug|Any CPU
		{F98683BF-A0ED-4CA6-A0C8-9F8BF3E2AC26}.Debug|ARM.Build.0 = Debug|Any CPU
		{F98683BF-A0ED-4CA6-A0C8-9F8BF3E2AC26}.Debug|x64.ActiveCfg = Debug|Any CPU
		{F98683BF-A0ED-4CA6-A0C8-9F8BF3E2AC26}.Debug|x64.Build.0 = Debug|Any CPU
		{F98683BF-A0ED-4CA6-A0C8-9F8BF3E2AC26}.Debug|x86.ActiveCfg = Debug|Any CPU
		{F98683BF-A0ED-4CA6-A0C8-9F8BF3E2AC26}.Debug|x86.Build.0 = Debug|Any CPU
		{F98683BF-A0ED-4CA6-A0C8-9F8BF3E2AC26}.Release|Any CPU.ActiveCfg = Release|Any CPU
		{F98683BF-A0ED-4CA6-A0C8-9F8BF3E2AC26}.Release|Any CPU.Build.0 = Release|Any CPU
		{F98683BF-A0ED-4CA6-A0C8-9F8BF3E2AC26}.Release|ARM.ActiveCfg = Release|Any CPU
		{F98683BF-A0ED-4CA6-A0C8-9F8BF3E2AC26}.Release|ARM.Build.0 = Release|Any CPU
		{F98683BF-A0ED-4CA6-A0C8-9F8BF3E2AC26}.Release|x64.ActiveCfg = Release|Any CPU
		{F98683BF-A0ED-4CA6-A0C8-9F8BF3E2AC26}.Release|x64.Build.0 = Release|Any CPU
		{F98683BF-A0ED-4CA6-A0C8-9F8BF3E2AC26}.Release|x86.ActiveCfg = Release|Any CPU
		{F98683BF-A0ED-4CA6-A0C8-9F8BF3E2AC26}.Release|x86.Build.0 = Release|Any CPU
		{4D2AB703-51B2-4688-B71C-F53FA8410856}.Debug|Any CPU.ActiveCfg = Debug|Any CPU
		{4D2AB703-51B2-4688-B71C-F53FA8410856}.Debug|Any CPU.Build.0 = Debug|Any CPU
		{4D2AB703-51B2-4688-B71C-F53FA8410856}.Debug|ARM.ActiveCfg = Debug|Any CPU
		{4D2AB703-51B2-4688-B71C-F53FA8410856}.Debug|ARM.Build.0 = Debug|Any CPU
		{4D2AB703-51B2-4688-B71C-F53FA8410856}.Debug|x64.ActiveCfg = Debug|Any CPU
		{4D2AB703-51B2-4688-B71C-F53FA8410856}.Debug|x64.Build.0 = Debug|Any CPU
		{4D2AB703-51B2-4688-B71C-F53FA8410856}.Debug|x86.ActiveCfg = Debug|Any CPU
		{4D2AB703-51B2-4688-B71C-F53FA8410856}.Debug|x86.Build.0 = Debug|Any CPU
		{4D2AB703-51B2-4688-B71C-F53FA8410856}.Release|Any CPU.ActiveCfg = Release|Any CPU
		{4D2AB703-51B2-4688-B71C-F53FA8410856}.Release|Any CPU.Build.0 = Release|Any CPU
		{4D2AB703-51B2-4688-B71C-F53FA8410856}.Release|ARM.ActiveCfg = Release|Any CPU
		{4D2AB703-51B2-4688-B71C-F53FA8410856}.Release|ARM.Build.0 = Release|Any CPU
		{4D2AB703-51B2-4688-B71C-F53FA8410856}.Release|x64.ActiveCfg = Release|Any CPU
		{4D2AB703-51B2-4688-B71C-F53FA8410856}.Release|x64.Build.0 = Release|Any CPU
		{4D2AB703-51B2-4688-B71C-F53FA8410856}.Release|x86.ActiveCfg = Release|Any CPU
		{4D2AB703-51B2-4688-B71C-F53FA8410856}.Release|x86.Build.0 = Release|Any CPU
		{C001CDC0-A08C-434B-BD7A-60B9508BB3AA}.Debug|Any CPU.ActiveCfg = Debug|Any CPU
		{C001CDC0-A08C-434B-BD7A-60B9508BB3AA}.Debug|Any CPU.Build.0 = Debug|Any CPU
		{C001CDC0-A08C-434B-BD7A-60B9508BB3AA}.Debug|ARM.ActiveCfg = Debug|Any CPU
		{C001CDC0-A08C-434B-BD7A-60B9508BB3AA}.Debug|ARM.Build.0 = Debug|Any CPU
		{C001CDC0-A08C-434B-BD7A-60B9508BB3AA}.Debug|x64.ActiveCfg = Debug|Any CPU
		{C001CDC0-A08C-434B-BD7A-60B9508BB3AA}.Debug|x64.Build.0 = Debug|Any CPU
		{C001CDC0-A08C-434B-BD7A-60B9508BB3AA}.Debug|x86.ActiveCfg = Debug|Any CPU
		{C001CDC0-A08C-434B-BD7A-60B9508BB3AA}.Debug|x86.Build.0 = Debug|Any CPU
		{C001CDC0-A08C-434B-BD7A-60B9508BB3AA}.Release|Any CPU.ActiveCfg = Release|Any CPU
		{C001CDC0-A08C-434B-BD7A-60B9508BB3AA}.Release|Any CPU.Build.0 = Release|Any CPU
		{C001CDC0-A08C-434B-BD7A-60B9508BB3AA}.Release|ARM.ActiveCfg = Release|Any CPU
		{C001CDC0-A08C-434B-BD7A-60B9508BB3AA}.Release|ARM.Build.0 = Release|Any CPU
		{C001CDC0-A08C-434B-BD7A-60B9508BB3AA}.Release|x64.ActiveCfg = Release|Any CPU
		{C001CDC0-A08C-434B-BD7A-60B9508BB3AA}.Release|x64.Build.0 = Release|Any CPU
		{C001CDC0-A08C-434B-BD7A-60B9508BB3AA}.Release|x86.ActiveCfg = Release|Any CPU
		{C001CDC0-A08C-434B-BD7A-60B9508BB3AA}.Release|x86.Build.0 = Release|Any CPU
		{15ACF220-73A9-42B9-AC87-9F71E325EA07}.Debug|Any CPU.ActiveCfg = Debug|Any CPU
		{15ACF220-73A9-42B9-AC87-9F71E325EA07}.Debug|Any CPU.Build.0 = Debug|Any CPU
		{15ACF220-73A9-42B9-AC87-9F71E325EA07}.Debug|ARM.ActiveCfg = Debug|Any CPU
		{15ACF220-73A9-42B9-AC87-9F71E325EA07}.Debug|ARM.Build.0 = Debug|Any CPU
		{15ACF220-73A9-42B9-AC87-9F71E325EA07}.Debug|x64.ActiveCfg = Debug|Any CPU
		{15ACF220-73A9-42B9-AC87-9F71E325EA07}.Debug|x64.Build.0 = Debug|Any CPU
		{15ACF220-73A9-42B9-AC87-9F71E325EA07}.Debug|x86.ActiveCfg = Debug|Any CPU
		{15ACF220-73A9-42B9-AC87-9F71E325EA07}.Debug|x86.Build.0 = Debug|Any CPU
		{15ACF220-73A9-42B9-AC87-9F71E325EA07}.Release|Any CPU.ActiveCfg = Release|Any CPU
		{15ACF220-73A9-42B9-AC87-9F71E325EA07}.Release|Any CPU.Build.0 = Release|Any CPU
		{15ACF220-73A9-42B9-AC87-9F71E325EA07}.Release|ARM.ActiveCfg = Release|Any CPU
		{15ACF220-73A9-42B9-AC87-9F71E325EA07}.Release|ARM.Build.0 = Release|Any CPU
		{15ACF220-73A9-42B9-AC87-9F71E325EA07}.Release|x64.ActiveCfg = Release|Any CPU
		{15ACF220-73A9-42B9-AC87-9F71E325EA07}.Release|x64.Build.0 = Release|Any CPU
		{15ACF220-73A9-42B9-AC87-9F71E325EA07}.Release|x86.ActiveCfg = Release|Any CPU
		{15ACF220-73A9-42B9-AC87-9F71E325EA07}.Release|x86.Build.0 = Release|Any CPU
		{E1014806-454C-47D8-908C-DD7C6390456D}.Debug|Any CPU.ActiveCfg = Debug|Any CPU
		{E1014806-454C-47D8-908C-DD7C6390456D}.Debug|Any CPU.Build.0 = Debug|Any CPU
		{E1014806-454C-47D8-908C-DD7C6390456D}.Debug|ARM.ActiveCfg = Debug|Any CPU
		{E1014806-454C-47D8-908C-DD7C6390456D}.Debug|ARM.Build.0 = Debug|Any CPU
		{E1014806-454C-47D8-908C-DD7C6390456D}.Debug|x64.ActiveCfg = Debug|Any CPU
		{E1014806-454C-47D8-908C-DD7C6390456D}.Debug|x64.Build.0 = Debug|Any CPU
		{E1014806-454C-47D8-908C-DD7C6390456D}.Debug|x86.ActiveCfg = Debug|Any CPU
		{E1014806-454C-47D8-908C-DD7C6390456D}.Debug|x86.Build.0 = Debug|Any CPU
		{E1014806-454C-47D8-908C-DD7C6390456D}.Release|Any CPU.ActiveCfg = Release|Any CPU
		{E1014806-454C-47D8-908C-DD7C6390456D}.Release|Any CPU.Build.0 = Release|Any CPU
		{E1014806-454C-47D8-908C-DD7C6390456D}.Release|ARM.ActiveCfg = Release|Any CPU
		{E1014806-454C-47D8-908C-DD7C6390456D}.Release|ARM.Build.0 = Release|Any CPU
		{E1014806-454C-47D8-908C-DD7C6390456D}.Release|x64.ActiveCfg = Release|Any CPU
		{E1014806-454C-47D8-908C-DD7C6390456D}.Release|x64.Build.0 = Release|Any CPU
		{E1014806-454C-47D8-908C-DD7C6390456D}.Release|x86.ActiveCfg = Release|Any CPU
		{E1014806-454C-47D8-908C-DD7C6390456D}.Release|x86.Build.0 = Release|Any CPU
		{A0101D03-9673-4273-91A1-06AC77419AF6}.Debug|Any CPU.ActiveCfg = Debug|Any CPU
		{A0101D03-9673-4273-91A1-06AC77419AF6}.Debug|Any CPU.Build.0 = Debug|Any CPU
		{A0101D03-9673-4273-91A1-06AC77419AF6}.Debug|ARM.ActiveCfg = Debug|Any CPU
		{A0101D03-9673-4273-91A1-06AC77419AF6}.Debug|ARM.Build.0 = Debug|Any CPU
		{A0101D03-9673-4273-91A1-06AC77419AF6}.Debug|x64.ActiveCfg = Debug|Any CPU
		{A0101D03-9673-4273-91A1-06AC77419AF6}.Debug|x64.Build.0 = Debug|Any CPU
		{A0101D03-9673-4273-91A1-06AC77419AF6}.Debug|x86.ActiveCfg = Debug|Any CPU
		{A0101D03-9673-4273-91A1-06AC77419AF6}.Debug|x86.Build.0 = Debug|Any CPU
		{A0101D03-9673-4273-91A1-06AC77419AF6}.Release|Any CPU.ActiveCfg = Release|Any CPU
		{A0101D03-9673-4273-91A1-06AC77419AF6}.Release|Any CPU.Build.0 = Release|Any CPU
		{A0101D03-9673-4273-91A1-06AC77419AF6}.Release|ARM.ActiveCfg = Release|Any CPU
		{A0101D03-9673-4273-91A1-06AC77419AF6}.Release|ARM.Build.0 = Release|Any CPU
		{A0101D03-9673-4273-91A1-06AC77419AF6}.Release|x64.ActiveCfg = Release|Any CPU
		{A0101D03-9673-4273-91A1-06AC77419AF6}.Release|x64.Build.0 = Release|Any CPU
		{A0101D03-9673-4273-91A1-06AC77419AF6}.Release|x86.ActiveCfg = Release|Any CPU
		{A0101D03-9673-4273-91A1-06AC77419AF6}.Release|x86.Build.0 = Release|Any CPU
		{CB5F2D6D-BECE-44EA-BE4D-6C7C505B6C0C}.Debug|Any CPU.ActiveCfg = Debug|Any CPU
		{CB5F2D6D-BECE-44EA-BE4D-6C7C505B6C0C}.Debug|Any CPU.Build.0 = Debug|Any CPU
		{CB5F2D6D-BECE-44EA-BE4D-6C7C505B6C0C}.Debug|ARM.ActiveCfg = Debug|Any CPU
		{CB5F2D6D-BECE-44EA-BE4D-6C7C505B6C0C}.Debug|ARM.Build.0 = Debug|Any CPU
		{CB5F2D6D-BECE-44EA-BE4D-6C7C505B6C0C}.Debug|x64.ActiveCfg = Debug|Any CPU
		{CB5F2D6D-BECE-44EA-BE4D-6C7C505B6C0C}.Debug|x64.Build.0 = Debug|Any CPU
		{CB5F2D6D-BECE-44EA-BE4D-6C7C505B6C0C}.Debug|x86.ActiveCfg = Debug|Any CPU
		{CB5F2D6D-BECE-44EA-BE4D-6C7C505B6C0C}.Debug|x86.Build.0 = Debug|Any CPU
		{CB5F2D6D-BECE-44EA-BE4D-6C7C505B6C0C}.Release|Any CPU.ActiveCfg = Release|Any CPU
		{CB5F2D6D-BECE-44EA-BE4D-6C7C505B6C0C}.Release|Any CPU.Build.0 = Release|Any CPU
		{CB5F2D6D-BECE-44EA-BE4D-6C7C505B6C0C}.Release|ARM.ActiveCfg = Release|Any CPU
		{CB5F2D6D-BECE-44EA-BE4D-6C7C505B6C0C}.Release|ARM.Build.0 = Release|Any CPU
		{CB5F2D6D-BECE-44EA-BE4D-6C7C505B6C0C}.Release|x64.ActiveCfg = Release|Any CPU
		{CB5F2D6D-BECE-44EA-BE4D-6C7C505B6C0C}.Release|x64.Build.0 = Release|Any CPU
		{CB5F2D6D-BECE-44EA-BE4D-6C7C505B6C0C}.Release|x86.ActiveCfg = Release|Any CPU
		{CB5F2D6D-BECE-44EA-BE4D-6C7C505B6C0C}.Release|x86.Build.0 = Release|Any CPU
	EndGlobalSection
	GlobalSection(SolutionProperties) = preSolution
		HideSolutionNode = FALSE
	EndGlobalSection
	GlobalSection(ExtensibilityGlobals) = postSolution
		SolutionGuid = {2FD2223D-68A2-4852-8124-202A86B95053}
	EndGlobalSection
EndGlobal
