
Microsoft Visual Studio Solution File, Format Version 12.00
# Visual Studio 15
VisualStudioVersion = 15.0.26430.15
MinimumVisualStudioVersion = 10.0.40219.1
Project("{FAE04EC0-301F-11D3-BF4B-00C04F79EFBC}") = "XmlOper", "XmlOper\XmlOper.csproj", "{9FD33F5B-2D12-43F2-9684-0636AE93296B}"
EndProject
Project("{FAE04EC0-301F-11D3-BF4B-00C04F79EFBC}") = "AppDemo", "Demo\AppDemo.csproj", "{4A92A15C-4AE6-42EB-9B07-DFB652A039E8}"
EndProject
Project("{FAE04EC0-301F-11D3-BF4B-00C04F79EFBC}") = "WebAppDemo", "WebAppDemo\WebAppDemo.csproj", "{0AE0009C-6588-45AC-9FD5-4EC7A1AC5CB6}"
EndProject
Project("{FAE04EC0-301F-11D3-BF4B-00C04F79EFBC}") = "MVCDemo", "MVCDemo\MVCDemo.csproj", "{9F098BBC-4568-41F1-B8B6-946008A89C4B}"
EndProject
Project("{FAE04EC0-301F-11D3-BF4B-00C04F79EFBC}") = "加密解密", "加密解密\加密解密.csproj", "{EAABAD54-4760-4E5D-9D50-2CB263A26250}"
EndProject
Project("{FAE04EC0-301F-11D3-BF4B-00C04F79EFBC}") = "SignalRMVC5", "SignalRMVC5\SignalRMVC5.csproj", "{53D172B6-4C5C-4209-985B-E11D74CBABF6}"
EndProject
Global
	GlobalSection(SolutionConfigurationPlatforms) = preSolution
		Debug|Any CPU = Debug|Any CPU
		Release|Any CPU = Release|Any CPU
	EndGlobalSection
	GlobalSection(ProjectConfigurationPlatforms) = postSolution
		{9FD33F5B-2D12-43F2-9684-0636AE93296B}.Debug|Any CPU.ActiveCfg = Debug|Any CPU
		{9FD33F5B-2D12-43F2-9684-0636AE93296B}.Debug|Any CPU.Build.0 = Debug|Any CPU
		{9FD33F5B-2D12-43F2-9684-0636AE93296B}.Release|Any CPU.ActiveCfg = Release|Any CPU
		{9FD33F5B-2D12-43F2-9684-0636AE93296B}.Release|Any CPU.Build.0 = Release|Any CPU
		{4A92A15C-4AE6-42EB-9B07-DFB652A039E8}.Debug|Any CPU.ActiveCfg = Debug|Any CPU
		{4A92A15C-4AE6-42EB-9B07-DFB652A039E8}.Debug|Any CPU.Build.0 = Debug|Any CPU
		{4A92A15C-4AE6-42EB-9B07-DFB652A039E8}.Release|Any CPU.ActiveCfg = Release|Any CPU
		{4A92A15C-4AE6-42EB-9B07-DFB652A039E8}.Release|Any CPU.Build.0 = Release|Any CPU
		{0AE0009C-6588-45AC-9FD5-4EC7A1AC5CB6}.Debug|Any CPU.ActiveCfg = Debug|Any CPU
		{0AE0009C-6588-45AC-9FD5-4EC7A1AC5CB6}.Debug|Any CPU.Build.0 = Debug|Any CPU
		{0AE0009C-6588-45AC-9FD5-4EC7A1AC5CB6}.Release|Any CPU.ActiveCfg = Release|Any CPU
		{0AE0009C-6588-45AC-9FD5-4EC7A1AC5CB6}.Release|Any CPU.Build.0 = Release|Any CPU
		{9F098BBC-4568-41F1-B8B6-946008A89C4B}.Debug|Any CPU.ActiveCfg = Debug|Any CPU
		{9F098BBC-4568-41F1-B8B6-946008A89C4B}.Debug|Any CPU.Build.0 = Debug|Any CPU
		{9F098BBC-4568-41F1-B8B6-946008A89C4B}.Release|Any CPU.ActiveCfg = Release|Any CPU
		{9F098BBC-4568-41F1-B8B6-946008A89C4B}.Release|Any CPU.Build.0 = Release|Any CPU
		{EAABAD54-4760-4E5D-9D50-2CB263A26250}.Debug|Any CPU.ActiveCfg = Debug|Any CPU
		{EAABAD54-4760-4E5D-9D50-2CB263A26250}.Debug|Any CPU.Build.0 = Debug|Any CPU
		{EAABAD54-4760-4E5D-9D50-2CB263A26250}.Release|Any CPU.ActiveCfg = Release|Any CPU
		{EAABAD54-4760-4E5D-9D50-2CB263A26250}.Release|Any CPU.Build.0 = Release|Any CPU
		{53D172B6-4C5C-4209-985B-E11D74CBABF6}.Debug|Any CPU.ActiveCfg = Debug|Any CPU
		{53D172B6-4C5C-4209-985B-E11D74CBABF6}.Debug|Any CPU.Build.0 = Debug|Any CPU
		{53D172B6-4C5C-4209-985B-E11D74CBABF6}.Release|Any CPU.ActiveCfg = Release|Any CPU
		{53D172B6-4C5C-4209-985B-E11D74CBABF6}.Release|Any CPU.Build.0 = Release|Any CPU
	EndGlobalSection
	GlobalSection(SolutionProperties) = preSolution
		HideSolutionNode = FALSE
	EndGlobalSection
EndGlobal
